<?xml version="1.0" encoding="utf-8"?>
<Project ToolsVersion="4.0" xmlns="http://schemas.microsoft.com/developer/msbuild/2003">
  <ItemGroup>
    <Filter Include="Classes">
      <UniqueIdentifier>{93995380-89BD-4b04-88EB-625FBE52EBFB}</UniqueIdentifier>
      <Extensions>h;hh;hpp;hxx;hm;inl;inc;xsd</Extensions>
    </Filter>
    <Filter Include="Resources">
      <UniqueIdentifier>{67DA6AB6-F800-4c08-8B7A-83BB121AAD01}</UniqueIdentifier>
      <Extensions>rc;ico;cur;bmp;dlg;rc2;rct;bin;rgs;gif;jpg;jpeg;jpe;resx;tiff;tif;png;wav;mfcribbon-ms</Extensions>
    </Filter>
    <Filter Include="Classes\Common">
      <UniqueIdentifier>{1e51bab1-f7ca-4104-b132-2b12f546b912}</UniqueIdentifier>
    </Filter>
    <Filter Include="Classes\DataManager">
      <UniqueIdentifier>{59e6f96a-dcb9-46a3-a7b4-ac132b01da37}</UniqueIdentifier>
    </Filter>
    <Filter Include="Classes\DBDriver">
      <UniqueIdentifier>{8eaf95de-a120-4937-b43f-4107c6239a3c}</UniqueIdentifier>
    </Filter>
    <Filter Include="Classes\FileUtils">
      <UniqueIdentifier>{14370cbd-59d0-497e-8042-77c0c77c97a7}</UniqueIdentifier>
    </Filter>
    <Filter Include="Classes\LocalDefault">
      <UniqueIdentifier>{0e10fbb3-7c82-4988-8a9a-826912bca3fe}</UniqueIdentifier>
    </Filter>
    <Filter Include="Classes\LogManager">
      <UniqueIdentifier>{5b5382be-8b1b-4f44-b8b2-68ef10334200}</UniqueIdentifier>
    </Filter>
    <Filter Include="Classes\Lua">
      <UniqueIdentifier>{23d44d22-1c81-491a-9724-9b808186ff42}</UniqueIdentifier>
    </Filter>
    <Filter Include="Classes\md5">
      <UniqueIdentifier>{d1738b12-8778-49e1-8dbe-8dd08817321b}</UniqueIdentifier>
    </Filter>
    <Filter Include="Classes\MyJson">
      <UniqueIdentifier>{421d1342-0ce8-4ffd-9aa8-75ea6f426bca}</UniqueIdentifier>
    </Filter>
    <Filter Include="Classes\Observer">
      <UniqueIdentifier>{ff18eff0-623f-4dab-8a65-fae49e366913}</UniqueIdentifier>
    </Filter>
    <Filter Include="Classes\StringFormat">
      <UniqueIdentifier>{defcdd9c-bcaf-490f-80af-b4f00e670a21}</UniqueIdentifier>
    </Filter>
    <Filter Include="Classes\Tea">
      <UniqueIdentifier>{04e4ebaa-035d-400c-9cd1-b470e61bd0c1}</UniqueIdentifier>
    </Filter>
    <Filter Include="Classes\Utils">
      <UniqueIdentifier>{13601c9e-fd69-46f9-bbe4-079b69f8f3e3}</UniqueIdentifier>
    </Filter>
    <Filter Include="Classes\XML">
      <UniqueIdentifier>{226ddc05-3c12-41dc-a931-9f123749b157}</UniqueIdentifier>
    </Filter>
    <Filter Include="Classes\MyJson\json">
      <UniqueIdentifier>{7e4cadcd-505e-4ce0-8f14-4c9bb0e5706b}</UniqueIdentifier>
    </Filter>
    <Filter Include="Classes\DBDriver\hiredis">
      <UniqueIdentifier>{14cbcdf3-ebda-49da-946c-30cf816cbda4}</UniqueIdentifier>
    </Filter>
    <Filter Include="Classes\CsvLoader">
      <UniqueIdentifier>{f8939ced-2c36-495f-b000-372ec5bcab9c}</UniqueIdentifier>
    </Filter>
  </ItemGroup>
  <ItemGroup>
    <ClInclude Include="Classes\Common\CommonHead.h">
      <Filter>Classes\Common</Filter>
    </ClInclude>
    <ClInclude Include="Classes\Common\CommonTool.h">
      <Filter>Classes\Common</Filter>
    </ClInclude>
    <ClInclude Include="Classes\Common\Platform.h">
      <Filter>Classes\Common</Filter>
    </ClInclude>
    <ClInclude Include="Classes\DataManager\CSVParser.h">
      <Filter>Classes\DataManager</Filter>
    </ClInclude>
    <ClInclude Include="Classes\DataManager\DataManager.h">
      <Filter>Classes\DataManager</Filter>
    </ClInclude>
    <ClInclude Include="Classes\DataManager\DataTable.h">
      <Filter>Classes\DataManager</Filter>
    </ClInclude>
    <ClInclude Include="Classes\DBDriver\IStorer.h">
      <Filter>Classes\DBDriver</Filter>
    </ClInclude>
    <ClInclude Include="Classes\DBDriver\MysqlStorer.h">
      <Filter>Classes\DBDriver</Filter>
    </ClInclude>
    <ClInclude Include="Classes\DBDriver\RedisStorer.h">
      <Filter>Classes\DBDriver</Filter>
    </ClInclude>
    <ClInclude Include="Classes\FileUtils\Data.h">
      <Filter>Classes\FileUtils</Filter>
    </ClInclude>
    <ClInclude Include="Classes\FileUtils\FileUtils.h">
      <Filter>Classes\FileUtils</Filter>
    </ClInclude>
    <ClInclude Include="Classes\FileUtils\FileUtils-win32.h">
      <Filter>Classes\FileUtils</Filter>
    </ClInclude>
    <ClInclude Include="Classes\FileUtils\Value.h">
      <Filter>Classes\FileUtils</Filter>
    </ClInclude>
    <ClInclude Include="Classes\LocalDefault\base64.h">
      <Filter>Classes\LocalDefault</Filter>
    </ClInclude>
    <ClInclude Include="Classes\LocalDefault\LocalDefault.h">
      <Filter>Classes\LocalDefault</Filter>
    </ClInclude>
    <ClInclude Include="Classes\LogManager\LogConsoleHandler.h">
      <Filter>Classes\LogManager</Filter>
    </ClInclude>
    <ClInclude Include="Classes\LogManager\LogFileHandler.h">
      <Filter>Classes\LogManager</Filter>
    </ClInclude>
    <ClInclude Include="Classes\LogManager\LogManager.h">
      <Filter>Classes\LogManager</Filter>
    </ClInclude>
    <ClInclude Include="Classes\md5\MD5.h">
      <Filter>Classes\md5</Filter>
    </ClInclude>
    <ClInclude Include="Classes\md5\MD5Def.h">
      <Filter>Classes\md5</Filter>
    </ClInclude>
    <ClInclude Include="Classes\Lua\LuaTools.h">
      <Filter>Classes\Lua</Filter>
    </ClInclude>
    <ClInclude Include="Classes\Lua\LuaRegiest.h">
      <Filter>Classes\Lua</Filter>
    </ClInclude>
    <ClInclude Include="Classes\Lua\LuaStack.h">
      <Filter>Classes\Lua</Filter>
    </ClInclude>
    <ClInclude Include="Classes\MyJson\MyJson.h">
      <Filter>Classes\MyJson</Filter>
    </ClInclude>
    <ClInclude Include="Classes\Observer\Observer.h">
      <Filter>Classes\Observer</Filter>
    </ClInclude>
    <ClInclude Include="Classes\StringFormat\StringFormat.h">
      <Filter>Classes\StringFormat</Filter>
    </ClInclude>
    <ClInclude Include="Classes\Tea\TEACrypt.h">
      <Filter>Classes\Tea</Filter>
    </ClInclude>
    <ClInclude Include="Classes\Utils\UrlEncode.h">
      <Filter>Classes\Utils</Filter>
    </ClInclude>
    <ClInclude Include="Classes\Utils\ValueCrypt.h">
      <Filter>Classes\Utils</Filter>
    </ClInclude>
    <ClInclude Include="Classes\XML\XML.h">
      <Filter>Classes\XML</Filter>
    </ClInclude>
    <ClInclude Include="Classes\MyJson\json\autolink.h">
      <Filter>Classes\MyJson\json</Filter>
    </ClInclude>
    <ClInclude Include="Classes\MyJson\json\config.h">
      <Filter>Classes\MyJson\json</Filter>
    </ClInclude>
    <ClInclude Include="Classes\MyJson\json\features.h">
      <Filter>Classes\MyJson\json</Filter>
    </ClInclude>
    <ClInclude Include="Classes\MyJson\json\forwards.h">
      <Filter>Classes\MyJson\json</Filter>
    </ClInclude>
    <ClInclude Include="Classes\MyJson\json\json.h">
      <Filter>Classes\MyJson\json</Filter>
    </ClInclude>
    <ClInclude Include="Classes\MyJson\json\json_batchallocator.h">
      <Filter>Classes\MyJson\json</Filter>
    </ClInclude>
    <ClInclude Include="Classes\MyJson\json\reader.h">
      <Filter>Classes\MyJson\json</Filter>
    </ClInclude>
    <ClInclude Include="Classes\MyJson\json\value.h">
      <Filter>Classes\MyJson\json</Filter>
    </ClInclude>
    <ClInclude Include="Classes\MyJson\json\writer.h">
      <Filter>Classes\MyJson\json</Filter>
    </ClInclude>
    <ClInclude Include="Classes\DBDriver\hiredis\async.h">
      <Filter>Classes\DBDriver\hiredis</Filter>
    </ClInclude>
    <ClInclude Include="Classes\DBDriver\hiredis\config.h">
      <Filter>Classes\DBDriver\hiredis</Filter>
    </ClInclude>
    <ClInclude Include="Classes\DBDriver\hiredis\hiredis.h">
      <Filter>Classes\DBDriver\hiredis</Filter>
    </ClInclude>
    <ClInclude Include="Classes\DBDriver\hiredis\net.h">
      <Filter>Classes\DBDriver\hiredis</Filter>
    </ClInclude>
    <ClInclude Include="Classes\DBDriver\hiredis\sds.h">
      <Filter>Classes\DBDriver\hiredis</Filter>
    </ClInclude>
    <ClInclude Include="Classes\MingTool.h">
      <Filter>Classes</Filter>
    </ClInclude>
    <ClInclude Include="Classes\CsvLoader\CsvLoader.h">
      <Filter>Classes\CsvLoader</Filter>
    </ClInclude>
    <ClInclude Include="Classes\Common\iconv.h">
      <Filter>Classes\Common</Filter>
    </ClInclude>
    <ClInclude Include="Classes\DBDriver\DBManager.h">
      <Filter>Classes\DBDriver</Filter>
    </ClInclude>
  </ItemGroup>
  <ItemGroup>
    <ClCompile Include="Classes\Common\CommonTool.cpp">
      <Filter>Classes\Common</Filter>
    </ClCompile>
    <ClCompile Include="Classes\DataManager\DataManager.cpp">
      <Filter>Classes\DataManager</Filter>
    </ClCompile>
    <ClCompile Include="Classes\DataManager\DataTable.cpp">
      <Filter>Classes\DataManager</Filter>
    </ClCompile>
    <ClCompile Include="Classes\DBDriver\IStorer.cpp">
      <Filter>Classes\DBDriver</Filter>
    </ClCompile>
    <ClCompile Include="Classes\DBDriver\MysqlStorer.cpp">
      <Filter>Classes\DBDriver</Filter>
    </ClCompile>
    <ClCompile Include="Classes\DBDriver\RedisStorer.cpp">
      <Filter>Classes\DBDriver</Filter>
    </ClCompile>
    <ClCompile Include="Classes\FileUtils\Data.cpp">
      <Filter>Classes\FileUtils</Filter>
    </ClCompile>
    <ClCompile Include="Classes\FileUtils\FileUtils.cpp">
      <Filter>Classes\FileUtils</Filter>
    </ClCompile>
    <ClCompile Include="Classes\FileUtils\FileUtils-win32.cpp">
      <Filter>Classes\FileUtils</Filter>
    </ClCompile>
    <ClCompile Include="Classes\FileUtils\Value.cpp">
      <Filter>Classes\FileUtils</Filter>
    </ClCompile>
    <ClCompile Include="Classes\LocalDefault\base64.cpp">
      <Filter>Classes\LocalDefault</Filter>
    </ClCompile>
    <ClCompile Include="Classes\LocalDefault\LocalDefault.cpp">
      <Filter>Classes\LocalDefault</Filter>
    </ClCompile>
    <ClCompile Include="Classes\LogManager\LogConsoleHandler.cpp">
      <Filter>Classes\LogManager</Filter>
    </ClCompile>
    <ClCompile Include="Classes\LogManager\LogFileHandler.cpp">
      <Filter>Classes\LogManager</Filter>
    </ClCompile>
    <ClCompile Include="Classes\LogManager\LogManager.cpp">
      <Filter>Classes\LogManager</Filter>
    </ClCompile>
    <ClCompile Include="Classes\md5\MD5.cpp">
      <Filter>Classes\md5</Filter>
    </ClCompile>
    <ClCompile Include="Classes\Lua\LuaTools.cpp">
      <Filter>Classes\Lua</Filter>
    </ClCompile>
    <ClCompile Include="Classes\Lua\LuaRegiest.cpp">
      <Filter>Classes\Lua</Filter>
    </ClCompile>
    <ClCompile Include="Classes\Lua\LuaStack.cpp">
      <Filter>Classes\Lua</Filter>
    </ClCompile>
    <ClCompile Include="Classes\MyJson\MyJson.cpp">
      <Filter>Classes\MyJson</Filter>
    </ClCompile>
    <ClCompile Include="Classes\Observer\Observer.cpp">
      <Filter>Classes\Observer</Filter>
    </ClCompile>
    <ClCompile Include="Classes\StringFormat\StringFormat.cpp">
      <Filter>Classes\StringFormat</Filter>
    </ClCompile>
    <ClCompile Include="Classes\Tea\TEACrypt.cpp">
      <Filter>Classes\Tea</Filter>
    </ClCompile>
    <ClCompile Include="Classes\Utils\UrlEncode.cpp">
      <Filter>Classes\Utils</Filter>
    </ClCompile>
    <ClCompile Include="Classes\Utils\ValueCrypt.cpp">
      <Filter>Classes\Utils</Filter>
    </ClCompile>
    <ClCompile Include="Classes\XML\XML.cpp">
      <Filter>Classes\XML</Filter>
    </ClCompile>
    <ClCompile Include="Classes\MyJson\json\json_reader.cpp">
      <Filter>Classes\MyJson\json</Filter>
    </ClCompile>
    <ClCompile Include="Classes\MyJson\json\json_value.cpp">
      <Filter>Classes\MyJson\json</Filter>
    </ClCompile>
    <ClCompile Include="Classes\MyJson\json\json_writer.cpp">
      <Filter>Classes\MyJson\json</Filter>
    </ClCompile>
    <ClCompile Include="Classes\DBDriver\hiredis\async.c">
      <Filter>Classes\DBDriver\hiredis</Filter>
    </ClCompile>
    <ClCompile Include="Classes\DBDriver\hiredis\hiredis.c">
      <Filter>Classes\DBDriver\hiredis</Filter>
    </ClCompile>
    <ClCompile Include="Classes\DBDriver\hiredis\net.c">
      <Filter>Classes\DBDriver\hiredis</Filter>
    </ClCompile>
    <ClCompile Include="Classes\DBDriver\hiredis\sds.c">
      <Filter>Classes\DBDriver\hiredis</Filter>
    </ClCompile>
    <ClCompile Include="Classes\CsvLoader\CsvLoader.cpp">
      <Filter>Classes\CsvLoader</Filter>
    </ClCompile>
    <ClCompile Include="Classes\DBDriver\DBManager.cpp">
      <Filter>Classes\DBDriver</Filter>
    </ClCompile>
  </ItemGroup>
</Project>