<?xml version="1.0" encoding="utf-8"?>
<Project ToolsVersion="4.0" xmlns="http://schemas.microsoft.com/developer/msbuild/2003">
  <ItemGroup>
    <Filter Include="源文件">
      <UniqueIdentifier>{4FC737F1-C7A5-4376-A066-2A32D752A2FF}</UniqueIdentifier>
      <Extensions>cpp;c;cc;cxx;def;odl;idl;hpj;bat;asm;asmx</Extensions>
    </Filter>
    <Filter Include="资源文件">
      <UniqueIdentifier>{67DA6AB6-F800-4c08-8B7A-83BB121AAD01}</UniqueIdentifier>
      <Extensions>rc;ico;cur;bmp;dlg;rc2;rct;bin;rgs;gif;jpg;jpeg;jpe;resx;tiff;tif;png;wav;mfcribbon-ms</Extensions>
    </Filter>
    <Filter Include="Classes">
      <UniqueIdentifier>{93995380-89BD-4b04-88EB-625FBE52EBFB}</UniqueIdentifier>
      <Extensions>h;hh;hpp;hxx;hm;inl;inc;xsd</Extensions>
    </Filter>
    <Filter Include="Extern">
      <UniqueIdentifier>{b7d8d1c9-385e-42e1-a4cd-fd0fd85ffb48}</UniqueIdentifier>
    </Filter>
    <Filter Include="Extern\ServerFrame">
      <UniqueIdentifier>{2ccebaf7-4d4c-4467-9547-6655287b4630}</UniqueIdentifier>
    </Filter>
    <Filter Include="Extern\ServerFrame\commnication">
      <UniqueIdentifier>{35ee0a48-9f62-4e03-8970-ac2c313b69be}</UniqueIdentifier>
    </Filter>
    <Filter Include="Extern\ServerFrame\core">
      <UniqueIdentifier>{666d51cb-de39-4ddf-a486-0984d890f80c}</UniqueIdentifier>
    </Filter>
    <Filter Include="Extern\ServerFrame\helper">
      <UniqueIdentifier>{1c2bd4a4-a798-466c-9ed0-3d9775bac9d9}</UniqueIdentifier>
    </Filter>
    <Filter Include="Extern\ServerFrame\log">
      <UniqueIdentifier>{2e7194e8-611d-400d-acc5-cc331cfc10db}</UniqueIdentifier>
    </Filter>
    <Filter Include="Extern\ServerFrame\server">
      <UniqueIdentifier>{124c7f3e-99d8-43fe-830f-3bab8cb34473}</UniqueIdentifier>
    </Filter>
    <Filter Include="Extern\ServerFrame\protocol">
      <UniqueIdentifier>{cd1e65d7-d2b1-4009-bd50-e58be7dfd414}</UniqueIdentifier>
    </Filter>
  </ItemGroup>
  <ItemGroup>
    <ClCompile Include="Classes\Main.cpp">
      <Filter>Classes</Filter>
    </ClCompile>
    <ClCompile Include="Classes\TestClient.cpp">
      <Filter>Classes</Filter>
    </ClCompile>
    <ClCompile Include="Classes\GameModule.cpp">
      <Filter>Classes</Filter>
    </ClCompile>
    <ClCompile Include="Classes\GameNetworkNode.cpp">
      <Filter>Classes</Filter>
    </ClCompile>
    <ClCompile Include="..\Extern\ServerFrame\commnication\KxBufferList.cpp">
      <Filter>Extern\ServerFrame\commnication</Filter>
    </ClCompile>
    <ClCompile Include="..\Extern\ServerFrame\commnication\KxEpoller.cpp">
      <Filter>Extern\ServerFrame\commnication</Filter>
    </ClCompile>
    <ClCompile Include="..\Extern\ServerFrame\commnication\KxSelectPoller.cpp">
      <Filter>Extern\ServerFrame\commnication</Filter>
    </ClCompile>
    <ClCompile Include="..\Extern\ServerFrame\commnication\KxSock.cpp">
      <Filter>Extern\ServerFrame\commnication</Filter>
    </ClCompile>
    <ClCompile Include="..\Extern\ServerFrame\commnication\KxTCPClienter.cpp">
      <Filter>Extern\ServerFrame\commnication</Filter>
    </ClCompile>
    <ClCompile Include="..\Extern\ServerFrame\commnication\KxTCPConnector.cpp">
      <Filter>Extern\ServerFrame\commnication</Filter>
    </ClCompile>
    <ClCompile Include="..\Extern\ServerFrame\commnication\KxTCPListener.cpp">
      <Filter>Extern\ServerFrame\commnication</Filter>
    </ClCompile>
    <ClCompile Include="..\Extern\ServerFrame\commnication\KxTCPUnit.cpp">
      <Filter>Extern\ServerFrame\commnication</Filter>
    </ClCompile>
    <ClCompile Include="..\Extern\ServerFrame\commnication\KxUDPUnit.cpp">
      <Filter>Extern\ServerFrame\commnication</Filter>
    </ClCompile>
    <ClCompile Include="..\Extern\ServerFrame\core\KxMemPool.cpp">
      <Filter>Extern\ServerFrame\core</Filter>
    </ClCompile>
    <ClCompile Include="..\Extern\ServerFrame\core\KxObject.cpp">
      <Filter>Extern\ServerFrame\core</Filter>
    </ClCompile>
    <ClCompile Include="..\Extern\ServerFrame\helper\BufferData.cpp">
      <Filter>Extern\ServerFrame\helper</Filter>
    </ClCompile>
    <ClCompile Include="..\Extern\ServerFrame\helper\CsvLoader.cpp">
      <Filter>Extern\ServerFrame\helper</Filter>
    </ClCompile>
    <ClCompile Include="..\Extern\ServerFrame\helper\IDBModel.cpp">
      <Filter>Extern\ServerFrame\helper</Filter>
    </ClCompile>
    <ClCompile Include="..\Extern\ServerFrame\helper\KxTimerManager.cpp">
      <Filter>Extern\ServerFrame\helper</Filter>
    </ClCompile>
    <ClCompile Include="..\Extern\ServerFrame\log\LogConsoleHandler.cpp">
      <Filter>Extern\ServerFrame\log</Filter>
    </ClCompile>
    <ClCompile Include="..\Extern\ServerFrame\log\LogFileHandler.cpp">
      <Filter>Extern\ServerFrame\log</Filter>
    </ClCompile>
    <ClCompile Include="..\Extern\ServerFrame\log\LogManager.cpp">
      <Filter>Extern\ServerFrame\log</Filter>
    </ClCompile>
    <ClCompile Include="..\Extern\ServerFrame\server\KxBaseServer.cpp">
      <Filter>Extern\ServerFrame\server</Filter>
    </ClCompile>
    <ClCompile Include="..\Extern\ServerFrame\server\ServerConfig.cpp">
      <Filter>Extern\ServerFrame\server</Filter>
    </ClCompile>
    <ClCompile Include="Classes\GameLogic.cpp">
      <Filter>Classes</Filter>
    </ClCompile>
  </ItemGroup>
  <ItemGroup>
    <ClInclude Include="Classes\TestClient.h">
      <Filter>Classes</Filter>
    </ClInclude>
    <ClInclude Include="Classes\GameModule.h">
      <Filter>Classes</Filter>
    </ClInclude>
    <ClInclude Include="Classes\GameNetworkNode.h">
      <Filter>Classes</Filter>
    </ClInclude>
    <ClInclude Include="..\Extern\ServerFrame\KXServer.h">
      <Filter>Extern\ServerFrame</Filter>
    </ClInclude>
    <ClInclude Include="..\Extern\ServerFrame\commnication\KxBufferList.h">
      <Filter>Extern\ServerFrame\commnication</Filter>
    </ClInclude>
    <ClInclude Include="..\Extern\ServerFrame\commnication\KxCommInterfaces.h">
      <Filter>Extern\ServerFrame\commnication</Filter>
    </ClInclude>
    <ClInclude Include="..\Extern\ServerFrame\commnication\KxEpoller.h">
      <Filter>Extern\ServerFrame\commnication</Filter>
    </ClInclude>
    <ClInclude Include="..\Extern\ServerFrame\commnication\KxSelectPoller.h">
      <Filter>Extern\ServerFrame\commnication</Filter>
    </ClInclude>
    <ClInclude Include="..\Extern\ServerFrame\commnication\KxSock.h">
      <Filter>Extern\ServerFrame\commnication</Filter>
    </ClInclude>
    <ClInclude Include="..\Extern\ServerFrame\commnication\KxTCPClienter.h">
      <Filter>Extern\ServerFrame\commnication</Filter>
    </ClInclude>
    <ClInclude Include="..\Extern\ServerFrame\commnication\KxTCPConnector.h">
      <Filter>Extern\ServerFrame\commnication</Filter>
    </ClInclude>
    <ClInclude Include="..\Extern\ServerFrame\commnication\KxTCPListener.h">
      <Filter>Extern\ServerFrame\commnication</Filter>
    </ClInclude>
    <ClInclude Include="..\Extern\ServerFrame\commnication\KxTCPUnit.h">
      <Filter>Extern\ServerFrame\commnication</Filter>
    </ClInclude>
    <ClInclude Include="..\Extern\ServerFrame\commnication\KxUDPUnit.h">
      <Filter>Extern\ServerFrame\commnication</Filter>
    </ClInclude>
    <ClInclude Include="..\Extern\ServerFrame\core\KxCore.h">
      <Filter>Extern\ServerFrame\core</Filter>
    </ClInclude>
    <ClInclude Include="..\Extern\ServerFrame\core\KxMemPool.h">
      <Filter>Extern\ServerFrame\core</Filter>
    </ClInclude>
    <ClInclude Include="..\Extern\ServerFrame\core\KxObject.h">
      <Filter>Extern\ServerFrame\core</Filter>
    </ClInclude>
    <ClInclude Include="..\Extern\ServerFrame\core\KxPlatform.h">
      <Filter>Extern\ServerFrame\core</Filter>
    </ClInclude>
    <ClInclude Include="..\Extern\ServerFrame\helper\BaseModule.h">
      <Filter>Extern\ServerFrame\helper</Filter>
    </ClInclude>
    <ClInclude Include="..\Extern\ServerFrame\helper\BufferData.h">
      <Filter>Extern\ServerFrame\helper</Filter>
    </ClInclude>
    <ClInclude Include="..\Extern\ServerFrame\helper\BufferTool.h">
      <Filter>Extern\ServerFrame\helper</Filter>
    </ClInclude>
    <ClInclude Include="..\Extern\ServerFrame\helper\CsvLoader.h">
      <Filter>Extern\ServerFrame\helper</Filter>
    </ClInclude>
    <ClInclude Include="..\Extern\ServerFrame\helper\IDBModel.h">
      <Filter>Extern\ServerFrame\helper</Filter>
    </ClInclude>
    <ClInclude Include="..\Extern\ServerFrame\helper\KxTimerCallback.h">
      <Filter>Extern\ServerFrame\helper</Filter>
    </ClInclude>
    <ClInclude Include="..\Extern\ServerFrame\helper\KxTimerManager.h">
      <Filter>Extern\ServerFrame\helper</Filter>
    </ClInclude>
    <ClInclude Include="..\Extern\ServerFrame\helper\KxTimeVal.h">
      <Filter>Extern\ServerFrame\helper</Filter>
    </ClInclude>
    <ClInclude Include="..\Extern\ServerFrame\helper\ModelDef.h">
      <Filter>Extern\ServerFrame\helper</Filter>
    </ClInclude>
    <ClInclude Include="..\Extern\ServerFrame\log\ILogHandler.h">
      <Filter>Extern\ServerFrame\log</Filter>
    </ClInclude>
    <ClInclude Include="..\Extern\ServerFrame\log\LogConsoleHandler.h">
      <Filter>Extern\ServerFrame\log</Filter>
    </ClInclude>
    <ClInclude Include="..\Extern\ServerFrame\log\LogFileHandler.h">
      <Filter>Extern\ServerFrame\log</Filter>
    </ClInclude>
    <ClInclude Include="..\Extern\ServerFrame\log\LogManager.h">
      <Filter>Extern\ServerFrame\log</Filter>
    </ClInclude>
    <ClInclude Include="..\Extern\ServerFrame\server\Head.h">
      <Filter>Extern\ServerFrame\server</Filter>
    </ClInclude>
    <ClInclude Include="..\Extern\ServerFrame\server\KxBaseServer.h">
      <Filter>Extern\ServerFrame\server</Filter>
    </ClInclude>
    <ClInclude Include="..\Extern\ServerFrame\server\Protocol.h">
      <Filter>Extern\ServerFrame\server</Filter>
    </ClInclude>
    <ClInclude Include="..\Extern\ServerFrame\server\ServerConfig.h">
      <Filter>Extern\ServerFrame\server</Filter>
    </ClInclude>
    <ClInclude Include="..\Extern\ServerFrame\protocol\BagProtocol.h">
      <Filter>Extern\ServerFrame\protocol</Filter>
    </ClInclude>
    <ClInclude Include="..\Extern\ServerFrame\protocol\LoginProtocol.h">
      <Filter>Extern\ServerFrame\protocol</Filter>
    </ClInclude>
    <ClInclude Include="..\Extern\ServerFrame\protocol\MainProtocol.h">
      <Filter>Extern\ServerFrame\protocol</Filter>
    </ClInclude>
    <ClInclude Include="Classes\GameLogic.h">
      <Filter>Classes</Filter>
    </ClInclude>
  </ItemGroup>
</Project>